
Microsoft Visual Studio Solution File, Format Version 12.00
# Visual Studio 15
VisualStudioVersion = 15.0.27004.2010
MinimumVisualStudioVersion = 10.0.40219.1
Project("{FAE04EC0-301F-11D3-BF4B-00C04F79EFBC}") = "LightMeter", "LightMeter\LightMeter.csproj", "{250B4405-28E0-4A69-ACBB-A7C8C8F6E741}"
EndProject
Global
	GlobalSection(SolutionConfigurationPlatforms) = preSolution
		Debug|x64 = Debug|x64
		Release|x64 = Release|x64
	EndGlobalSection
	GlobalSection(ProjectConfigurationPlatforms) = postSolution
		{250B4405-28E0-4A69-ACBB-A7C8C8F6E741}.Debug|x64.ActiveCfg = Debug|x64
		{250B4405-28E0-4A69-ACBB-A7C8C8F6E741}.Debug|x64.Build.0 = Debug|x64
		{250B4405-28E0-4A69-ACBB-A7C8C8F6E741}.Release|x64.ActiveCfg = Release|x64
		{250B4405-28E0-4A69-ACBB-A7C8C8F6E741}.Release|x64.Build.0 = Release|x64
	EndGlobalSection
	GlobalSection(SolutionProperties) = preSolution
		HideSolutionNode = FALSE
	EndGlobalSection
	GlobalSection(ExtensibilityGlobals) = postSolution
		SolutionGuid = {3202C915-5BF9-4BCA-AE6D-D8EC06D2C29F}
	EndGlobalSection
EndGlobal
