
Microsoft Visual Studio Solution File, Format Version 12.00
# Visual Studio 15
VisualStudioVersion = 15.0.27004.2009
MinimumVisualStudioVersion = 10.0.40219.1
Project("{FAE04EC0-301F-11D3-BF4B-00C04F79EFBC}") = "LightMeter", "LightMeter\LightMeter.csproj", "{250B4405-28E0-4A69-ACBB-A7C8C8F6E741}"
EndProject
Global
	GlobalSection(SolutionConfigurationPlatforms) = preSolution
		Debug|Any CPU = Debug|Any CPU
		Release|Any CPU = Release|Any CPU
	EndGlobalSection
	GlobalSection(ProjectConfigurationPlatforms) = postSolution
		{250B4405-28E0-4A69-ACBB-A7C8C8F6E741}.Debug|Any CPU.ActiveCfg = Debug|Any CPU
		{250B4405-28E0-4A69-ACBB-A7C8C8F6E741}.Debug|Any CPU.Build.0 = Debug|Any CPU
		{250B4405-28E0-4A69-ACBB-A7C8C8F6E741}.Release|Any CPU.ActiveCfg = Release|Any CPU
		{250B4405-28E0-4A69-ACBB-A7C8C8F6E741}.Release|Any CPU.Build.0 = Release|Any CPU
	EndGlobalSection
	GlobalSection(SolutionProperties) = preSolution
		HideSolutionNode = FALSE
	EndGlobalSection
	GlobalSection(ExtensibilityGlobals) = postSolution
		SolutionGuid = {3202C915-5BF9-4BCA-AE6D-D8EC06D2C29F}
	EndGlobalSection
EndGlobal
